
Microsoft Visual Studio Solution File, Format Version 12.00
# Visual Studio Version 17
VisualStudioVersion = 17.9.34607.119
MinimumVisualStudioVersion = 10.0.40219.1
Project("{F184B08F-C81C-45F6-A57F-5ABD9991F28F}") = "WeatherApp", "WeatherApp.vbproj", "{067F22D1-8289-4108-8CC7-8CF582B4DFE5}"
EndProject
Global
	GlobalSection(SolutionConfigurationPlatforms) = preSolution
		Debug|Any CPU = Debug|Any CPU
		Release|Any CPU = Release|Any CPU
	EndGlobalSection
	GlobalSection(ProjectConfigurationPlatforms) = postSolution
		{067F22D1-8289-4108-8CC7-8CF582B4DFE5}.Debug|Any CPU.ActiveCfg = Debug|Any CPU
		{067F22D1-8289-4108-8CC7-8CF582B4DFE5}.Debug|Any CPU.Build.0 = Debug|Any CPU
		{067F22D1-8289-4108-8CC7-8CF582B4DFE5}.Release|Any CPU.ActiveCfg = Release|Any CPU
		{067F22D1-8289-4108-8CC7-8CF582B4DFE5}.Release|Any CPU.Build.0 = Release|Any CPU
	EndGlobalSection
	GlobalSection(SolutionProperties) = preSolution
		HideSolutionNode = FALSE
	EndGlobalSection
	GlobalSection(ExtensibilityGlobals) = postSolution
		SolutionGuid = {2D9BB1BD-FEBC-49C9-94FE-B9DA572DAED6}
	EndGlobalSection
EndGlobal
